
Microsoft Visual Studio Solution File, Format Version 12.00
# Visual Studio 15
VisualStudioVersion = 15.0.28010.2036
MinimumVisualStudioVersion = 10.0.40219.1
Project("{FAE04EC0-301F-11D3-BF4B-00C04F79EFBC}") = "LoginManagement.Web", "LoginManagement.Web\LoginManagement.Web.csproj", "{3900831F-7629-4724-A0D5-0963CBD51E0F}"
EndProject
Project("{FAE04EC0-301F-11D3-BF4B-00C04F79EFBC}") = "LoginManagement.Data", "LoginManagement.Data\LoginManagement.Data.csproj", "{F7492651-EB03-42ED-896C-DBD3609A01CE}"
EndProject
Project("{FAE04EC0-301F-11D3-BF4B-00C04F79EFBC}") = "LoginManagement.Repository", "LoginManagement.Repository\LoginManagement.Repository.csproj", "{40EFAF8B-E6D7-48DA-88F7-5183BB4E7497}"
EndProject
Global
	GlobalSection(SolutionConfigurationPlatforms) = preSolution
		Debug|Any CPU = Debug|Any CPU
		Release|Any CPU = Release|Any CPU
	EndGlobalSection
	GlobalSection(ProjectConfigurationPlatforms) = postSolution
		{3900831F-7629-4724-A0D5-0963CBD51E0F}.Debug|Any CPU.ActiveCfg = Debug|Any CPU
		{3900831F-7629-4724-A0D5-0963CBD51E0F}.Debug|Any CPU.Build.0 = Debug|Any CPU
		{3900831F-7629-4724-A0D5-0963CBD51E0F}.Release|Any CPU.ActiveCfg = Release|Any CPU
		{3900831F-7629-4724-A0D5-0963CBD51E0F}.Release|Any CPU.Build.0 = Release|Any CPU
		{F7492651-EB03-42ED-896C-DBD3609A01CE}.Debug|Any CPU.ActiveCfg = Debug|Any CPU
		{F7492651-EB03-42ED-896C-DBD3609A01CE}.Debug|Any CPU.Build.0 = Debug|Any CPU
		{F7492651-EB03-42ED-896C-DBD3609A01CE}.Release|Any CPU.ActiveCfg = Release|Any CPU
		{F7492651-EB03-42ED-896C-DBD3609A01CE}.Release|Any CPU.Build.0 = Release|Any CPU
		{40EFAF8B-E6D7-48DA-88F7-5183BB4E7497}.Debug|Any CPU.ActiveCfg = Debug|Any CPU
		{40EFAF8B-E6D7-48DA-88F7-5183BB4E7497}.Debug|Any CPU.Build.0 = Debug|Any CPU
		{40EFAF8B-E6D7-48DA-88F7-5183BB4E7497}.Release|Any CPU.ActiveCfg = Release|Any CPU
		{40EFAF8B-E6D7-48DA-88F7-5183BB4E7497}.Release|Any CPU.Build.0 = Release|Any CPU
	EndGlobalSection
	GlobalSection(SolutionProperties) = preSolution
		HideSolutionNode = FALSE
	EndGlobalSection
	GlobalSection(ExtensibilityGlobals) = postSolution
		SolutionGuid = {662FC39D-A321-4EAB-9690-FBF57128E1ED}
	EndGlobalSection
EndGlobal
